
Microsoft Visual Studio Solution File, Format Version 12.00
# Visual Studio 15
VisualStudioVersion = 15.0.26730.16
MinimumVisualStudioVersion = 10.0.40219.1
Project("{FAE04EC0-301F-11D3-BF4B-00C04F79EFBC}") = "MySportCartFramework", "MySportCartFramework\MySportCartFramework.csproj", "{BFD40783-F0DF-4F45-9723-095890B3FFBA}"
EndProject
Global
	GlobalSection(SolutionConfigurationPlatforms) = preSolution
		Debug|Any CPU = Debug|Any CPU
		Release|Any CPU = Release|Any CPU
	EndGlobalSection
	GlobalSection(ProjectConfigurationPlatforms) = postSolution
		{BFD40783-F0DF-4F45-9723-095890B3FFBA}.Debug|Any CPU.ActiveCfg = Debug|Any CPU
		{BFD40783-F0DF-4F45-9723-095890B3FFBA}.Debug|Any CPU.Build.0 = Debug|Any CPU
		{BFD40783-F0DF-4F45-9723-095890B3FFBA}.Release|Any CPU.ActiveCfg = Release|Any CPU
		{BFD40783-F0DF-4F45-9723-095890B3FFBA}.Release|Any CPU.Build.0 = Release|Any CPU
	EndGlobalSection
	GlobalSection(SolutionProperties) = preSolution
		HideSolutionNode = FALSE
	EndGlobalSection
	GlobalSection(ExtensibilityGlobals) = postSolution
		SolutionGuid = {ED833211-180B-43BF-86E6-D366E45A908A}
	EndGlobalSection
EndGlobal
